# This file is generated by running "yarn install" inside your project.
# Manual changes might be lost - proceed with caution!

__metadata:
  version: 8
  cacheKey: 10c0

"@turbo/darwin-64@npm:2.10.8":
  version: 2.10.8
  resolution: "@turbo/darwin-64@npm:2.10.8"
  conditions: os=darwin & cpu=x64
  languageName: node
  linkType: hard

"@turbo/darwin-arm64@npm:2.10.8":
  version: 2.10.8
  resolution: "@turbo/darwin-arm64@npm:2.10.8"
  conditions: os=darwin & cpu=arm64
  languageName: node
  linkType: hard

"@turbo/linux-64@npm:2.10.8":
  version: 2.10.8
  resolution: "@turbo/linux-64@npm:2.10.8"
  conditions: (os=android | os=linux) & cpu=x64
  languageName: node
  linkType: hard

"@turbo/linux-arm64@npm:2.10.8":
  version: 2.10.8
  resolution: "@turbo/linux-arm64@npm:2.10.8"
  conditions: (os=android | os=linux) & cpu=arm64
  languageName: node
  linkType: hard

"@turbo/windows-64@npm:2.10.8":
  version: 2.10.8
  resolution: "@turbo/windows-64@npm:2.10.8"
  conditions: os=win32 & cpu=x64
  languageName: node
  linkType: hard

"@turbo/windows-arm64@npm:2.10.8":
  version: 2.10.8
  resolution: "@turbo/windows-arm64@npm:2.10.8"
  conditions: os=win32 & cpu=arm64
  languageName: node
  linkType: hard

"app-a@workspace:apps/app-a":
  version: 0.0.0-use.local
  resolution: "app-a@workspace:apps/app-a"
  dependencies:
    lodash: "catalog:"
    pkg-a: "workspace:*"
    tooling-config: "workspace:*"
  languageName: unknown
  linkType: soft

"lodash@npm:^4.17.21":
  version: 4.18.1
  resolution: "lodash@npm:4.18.1"
  checksum: 10c0/757228fc68805c59789e82185135cf85f05d0b2d3d54631d680ca79ec21944ec8314d4533639a14b8bcfbd97a517e78960933041a5af17ecb693ec6eecb99a27
  languageName: node
  linkType: hard

"my-turborepo@workspace:.":
  version: 0.0.0-use.local
  resolution: "my-turborepo@workspace:."
  dependencies:
    turbo: "npm:^2.6.1"
  languageName: unknown
  linkType: soft

"pkg-a@workspace:*, pkg-a@workspace:packages/pkg-a":
  version: 0.0.0-use.local
  resolution: "pkg-a@workspace:packages/pkg-a"
  dependencies:
    tooling-config: "workspace:*"
  languageName: unknown
  linkType: soft

"tooling-config@workspace:*, tooling-config@workspace:packages/tooling-config":
  version: 0.0.0-use.local
  resolution: "tooling-config@workspace:packages/tooling-config"
  languageName: unknown
  linkType: soft

"turbo@npm:^2.6.1":
  version: 2.10.8
  resolution: "turbo@npm:2.10.8"
  dependencies:
    "@turbo/darwin-64": "npm:2.10.8"
    "@turbo/darwin-arm64": "npm:2.10.8"
    "@turbo/linux-64": "npm:2.10.8"
    "@turbo/linux-arm64": "npm:2.10.8"
    "@turbo/windows-64": "npm:2.10.8"
    "@turbo/windows-arm64": "npm:2.10.8"
  dependenciesMeta:
    "@turbo/darwin-64":
      optional: true
    "@turbo/darwin-arm64":
      optional: true
    "@turbo/linux-64":
      optional: true
    "@turbo/linux-arm64":
      optional: true
    "@turbo/windows-64":
      optional: true
    "@turbo/windows-arm64":
      optional: true
  bin:
    turbo: bin/turbo
  checksum: 10c0/892459ca52bdcc0ecd50d0bd5e092bc97052ff726fd727af7df997e6b8ff20b1aea6040caac14c2ceb661f18b08e7abd2027d188f8a67bc74dcab0c043060026
  languageName: node
  linkType: hard
